
Microsoft Visual Studio Solution File, Format Version 12.00
# Visual Studio Version 17
VisualStudioVersion = 17.7.34031.279
MinimumVisualStudioVersion = 10.0.40219.1
Project("{9A19103F-16F7-4668-BE54-9A1E7A4F7556}") = "View", "View\View.csproj", "{7CE4D488-9BCC-4C6C-A8EB-F4892DD1B995}"
EndProject
Project("{9A19103F-16F7-4668-BE54-9A1E7A4F7556}") = "Sample.Core", "..\Core\Sample.Core.csproj", "{B4BF9A93-119F-4D58-94A5-7D3DE4DF7C34}"
EndProject
Global
	GlobalSection(SolutionConfigurationPlatforms) = preSolution
		Debug|Any CPU = Debug|Any CPU
		Release|Any CPU = Release|Any CPU
	EndGlobalSection
	GlobalSection(ProjectConfigurationPlatforms) = postSolution
		{7CE4D488-9BCC-4C6C-A8EB-F4892DD1B995}.Debug|Any CPU.ActiveCfg = Debug|Any CPU
		{7CE4D488-9BCC-4C6C-A8EB-F4892DD1B995}.Debug|Any CPU.Build.0 = Debug|Any CPU
		{7CE4D488-9BCC-4C6C-A8EB-F4892DD1B995}.Release|Any CPU.ActiveCfg = Release|Any CPU
		{7CE4D488-9BCC-4C6C-A8EB-F4892DD1B995}.Release|Any CPU.Build.0 = Release|Any CPU
		{B4BF9A93-119F-4D58-94A5-7D3DE4DF7C34}.Debug|Any CPU.ActiveCfg = Debug|Any CPU
		{B4BF9A93-119F-4D58-94A5-7D3DE4DF7C34}.Debug|Any CPU.Build.0 = Debug|Any CPU
		{B4BF9A93-119F-4D58-94A5-7D3DE4DF7C34}.Release|Any CPU.ActiveCfg = Release|Any CPU
		{B4BF9A93-119F-4D58-94A5-7D3DE4DF7C34}.Release|Any CPU.Build.0 = Release|Any CPU
	EndGlobalSection
	GlobalSection(SolutionProperties) = preSolution
		HideSolutionNode = FALSE
	EndGlobalSection
	GlobalSection(ExtensibilityGlobals) = postSolution
		SolutionGuid = {48277DEE-B869-4BC8-8FCA-FD84AC70A42B}
	EndGlobalSection
EndGlobal
