
Microsoft Visual Studio Solution File, Format Version 12.00
# Visual Studio Version 17
VisualStudioVersion = 17.0.31717.71
MinimumVisualStudioVersion = 10.0.40219.1
Project("{9A19103F-16F7-4668-BE54-9A1E7A4F7556}") = "View", "View.csproj", "{250CA4B9-9D1D-48DB-8A26-A5902FA4EA60}"
EndProject
Global
	GlobalSection(SolutionConfigurationPlatforms) = preSolution
		Debug|Any CPU = Debug|Any CPU
		Release|Any CPU = Release|Any CPU
	EndGlobalSection
	GlobalSection(ProjectConfigurationPlatforms) = postSolution
		{250CA4B9-9D1D-48DB-8A26-A5902FA4EA60}.Debug|Any CPU.ActiveCfg = Debug|Any CPU
		{250CA4B9-9D1D-48DB-8A26-A5902FA4EA60}.Debug|Any CPU.Build.0 = Debug|Any CPU
		{250CA4B9-9D1D-48DB-8A26-A5902FA4EA60}.Release|Any CPU.ActiveCfg = Release|Any CPU
		{250CA4B9-9D1D-48DB-8A26-A5902FA4EA60}.Release|Any CPU.Build.0 = Release|Any CPU
	EndGlobalSection
	GlobalSection(SolutionProperties) = preSolution
		HideSolutionNode = FALSE
	EndGlobalSection
	GlobalSection(ExtensibilityGlobals) = postSolution
		SolutionGuid = {F02453F3-F61C-4379-A620-467323CA4C7E}
	EndGlobalSection
EndGlobal